
Microsoft Visual Studio Solution File, Format Version 12.00
# Visual Studio Version 17
VisualStudioVersion = 17.3.32901.215
MinimumVisualStudioVersion = 10.0.40219.1
Project("{FAE04EC0-301F-11D3-BF4B-00C04F79EFBC}") = "KJWTMR_HFT_2022231.Client", "KJWTMR_HFT_2022231.Client\KJWTMR_HFT_2022231.Client.csproj", "{46E776B0-239E-45B3-A349-55CA7A5EE2F0}"
EndProject
Project("{FAE04EC0-301F-11D3-BF4B-00C04F79EFBC}") = "KJWTMR_HTF_2022231.Models", "KJWTMR_HTF_2022231.Models\KJWTMR_HTF_2022231.Models.csproj", "{2A0340F9-B6B6-4624-A543-836B1F561404}"
EndProject
Project("{FAE04EC0-301F-11D3-BF4B-00C04F79EFBC}") = "KJWTMR_HTF_2022231.Logic", "KJWTMR_HTF_2022231.Logic\KJWTMR_HTF_2022231.Logic.csproj", "{303BF533-584F-48AE-BD27-22CD657F9538}"
EndProject
Project("{FAE04EC0-301F-11D3-BF4B-00C04F79EFBC}") = "KJWTMR_HFT_2022231.Repository", "KJWTMR_HFT_2022231.Repository\KJWTMR_HFT_2022231.Repository.csproj", "{2229469C-D856-4A70-9A22-8624B1FF589E}"
EndProject
Project("{FAE04EC0-301F-11D3-BF4B-00C04F79EFBC}") = "KJWTMR_HFT_2022231.Test", "KJWTMR_HFT_2022231.Test\KJWTMR_HFT_2022231.Test.csproj", "{A728DC7D-8BEA-4AFC-87AD-47B91411A79B}"
EndProject
Project("{FAE04EC0-301F-11D3-BF4B-00C04F79EFBC}") = "KJWTMR_HFT_2022231.Endpoint", "KJWTMR_HFT_2022231.Endpoint\KJWTMR_HFT_2022231.Endpoint.csproj", "{D2FFDA66-315B-478C-8B84-572FE138AC32}"
EndProject
Project("{2150E333-8FDC-42A3-9474-1A3956D46DE8}") = "Backend", "Backend", "{3AD6CAE2-03B2-41BE-866D-59D9E8D51D1C}"
EndProject
Project("{2150E333-8FDC-42A3-9474-1A3956D46DE8}") = "Frontend", "Frontend", "{EE997F2E-0A3E-4048-93CA-CDB1E9D2504E}"
EndProject
Project("{2150E333-8FDC-42A3-9474-1A3956D46DE8}") = "Shared", "Shared", "{2F89A03F-05AF-495D-879A-6C062F869647}"
EndProject
Global
	GlobalSection(SolutionConfigurationPlatforms) = preSolution
		Debug|Any CPU = Debug|Any CPU
		Release|Any CPU = Release|Any CPU
	EndGlobalSection
	GlobalSection(ProjectConfigurationPlatforms) = postSolution
		{46E776B0-239E-45B3-A349-55CA7A5EE2F0}.Debug|Any CPU.ActiveCfg = Debug|Any CPU
		{46E776B0-239E-45B3-A349-55CA7A5EE2F0}.Debug|Any CPU.Build.0 = Debug|Any CPU
		{46E776B0-239E-45B3-A349-55CA7A5EE2F0}.Release|Any CPU.ActiveCfg = Release|Any CPU
		{46E776B0-239E-45B3-A349-55CA7A5EE2F0}.Release|Any CPU.Build.0 = Release|Any CPU
		{2A0340F9-B6B6-4624-A543-836B1F561404}.Debug|Any CPU.ActiveCfg = Debug|Any CPU
		{2A0340F9-B6B6-4624-A543-836B1F561404}.Debug|Any CPU.Build.0 = Debug|Any CPU
		{2A0340F9-B6B6-4624-A543-836B1F561404}.Release|Any CPU.ActiveCfg = Release|Any CPU
		{2A0340F9-B6B6-4624-A543-836B1F561404}.Release|Any CPU.Build.0 = Release|Any CPU
		{303BF533-584F-48AE-BD27-22CD657F9538}.Debug|Any CPU.ActiveCfg = Debug|Any CPU
		{303BF533-584F-48AE-BD27-22CD657F9538}.Debug|Any CPU.Build.0 = Debug|Any CPU
		{303BF533-584F-48AE-BD27-22CD657F9538}.Release|Any CPU.ActiveCfg = Release|Any CPU
		{303BF533-584F-48AE-BD27-22CD657F9538}.Release|Any CPU.Build.0 = Release|Any CPU
		{2229469C-D856-4A70-9A22-8624B1FF589E}.Debug|Any CPU.ActiveCfg = Debug|Any CPU
		{2229469C-D856-4A70-9A22-8624B1FF589E}.Debug|Any CPU.Build.0 = Debug|Any CPU
		{2229469C-D856-4A70-9A22-8624B1FF589E}.Release|Any CPU.ActiveCfg = Release|Any CPU
		{2229469C-D856-4A70-9A22-8624B1FF589E}.Release|Any CPU.Build.0 = Release|Any CPU
		{A728DC7D-8BEA-4AFC-87AD-47B91411A79B}.Debug|Any CPU.ActiveCfg = Debug|Any CPU
		{A728DC7D-8BEA-4AFC-87AD-47B91411A79B}.Debug|Any CPU.Build.0 = Debug|Any CPU
		{A728DC7D-8BEA-4AFC-87AD-47B91411A79B}.Release|Any CPU.ActiveCfg = Release|Any CPU
		{A728DC7D-8BEA-4AFC-87AD-47B91411A79B}.Release|Any CPU.Build.0 = Release|Any CPU
		{D2FFDA66-315B-478C-8B84-572FE138AC32}.Debug|Any CPU.ActiveCfg = Debug|Any CPU
		{D2FFDA66-315B-478C-8B84-572FE138AC32}.Debug|Any CPU.Build.0 = Debug|Any CPU
		{D2FFDA66-315B-478C-8B84-572FE138AC32}.Release|Any CPU.ActiveCfg = Release|Any CPU
		{D2FFDA66-315B-478C-8B84-572FE138AC32}.Release|Any CPU.Build.0 = Release|Any CPU
	EndGlobalSection
	GlobalSection(SolutionProperties) = preSolution
		HideSolutionNode = FALSE
	EndGlobalSection
	GlobalSection(NestedProjects) = preSolution
		{46E776B0-239E-45B3-A349-55CA7A5EE2F0} = {EE997F2E-0A3E-4048-93CA-CDB1E9D2504E}
		{2A0340F9-B6B6-4624-A543-836B1F561404} = {2F89A03F-05AF-495D-879A-6C062F869647}
		{303BF533-584F-48AE-BD27-22CD657F9538} = {3AD6CAE2-03B2-41BE-866D-59D9E8D51D1C}
		{2229469C-D856-4A70-9A22-8624B1FF589E} = {3AD6CAE2-03B2-41BE-866D-59D9E8D51D1C}
		{A728DC7D-8BEA-4AFC-87AD-47B91411A79B} = {3AD6CAE2-03B2-41BE-866D-59D9E8D51D1C}
		{D2FFDA66-315B-478C-8B84-572FE138AC32} = {3AD6CAE2-03B2-41BE-866D-59D9E8D51D1C}
	EndGlobalSection
	GlobalSection(ExtensibilityGlobals) = postSolution
		SolutionGuid = {D15032C2-13D2-4FC1-9734-0DCF6460BB62}
	EndGlobalSection
EndGlobal
